# This file is automatically @generated by Cargo.
# It is not intended for manual editing.
version = 3

[[package]]
name = "aho-corasick"
version = "1.1.3"
source = "registry+https://github.com/rust-lang/crates.io-index"
checksum = "8e60d3430d3a69478ad0993f19238d2df97c507009a52b3c10addcd7f6bcb916"
dependencies = [
 "memchr",
]

[[package]]
name = "macro_preprocessor"
version = "0.0.0"
dependencies = [
 "aho-corasick",
 "memchr",
 "ra-ap-rustc_lexer",
]

[[package]]
name = "memchr"
version = "2.7.4"
source = "registry+https://github.com/rust-lang/crates.io-index"
checksum = "78ca9ab1a0babb1e7d5695e3530886289c18cf2f87ec19a575a0abdce112e3a3"

[[package]]
name = "ra-ap-rustc_lexer"
version = "0.67.0"
source = "registry+https://github.com/rust-lang/crates.io-index"
checksum = "c051d0f6136d8bf5d04def6d19f056d212bf86535ac62f1e1e0da336a71050b1"
dependencies = [
 "unicode-properties",
 "unicode-xid",
]

[[package]]
name = "unicode-properties"
version = "0.1.2"
source = "registry+https://github.com/rust-lang/crates.io-index"
checksum = "52ea75f83c0137a9b98608359a5f1af8144876eb67bcb1ce837368e906a9f524"

[[package]]
name = "unicode-xid"
version = "0.2.5"
source = "registry+https://github.com/rust-lang/crates.io-index"
checksum = "229730647fbc343e3a80e463c1db7f78f3855d3f3739bee0dda773c9a037c90a"
