# This file is automatically @generated by Cargo.
# It is not intended for manual editing.
version = 4

[[package]]
name = "foldhash"
version = "0.2.0"
source = "registry+https://github.com/rust-lang/crates.io-index"
checksum = "77ce24cb58228fbb8aa041425bb1050850ac19177686ea6e0f41a70416f56fdb"

[[package]]
name = "itoa"
version = "1.0.17"
source = "registry+https://github.com/rust-lang/crates.io-index"
checksum = "92ecc6618181def0457392ccd0ee51198e065e016d1d527a7ac1b6dc7c1f09d2"

[[package]]
name = "jsony"
version = "0.1.9"
dependencies = [
 "itoa",
 "jsony_macros",
 "zmij",
]

[[package]]
name = "jsony_macros"
version = "0.1.8"
source = "registry+https://github.com/rust-lang/crates.io-index"
checksum = "4da8678b34d03a741a66990d2344e354cc95292992b981804dc6da059635e611"

[[package]]
name = "toml-spanner"
version = "1.0.0"
dependencies = [
 "foldhash",
 "toml-spanner-macros",
 "zmij",
]

[[package]]
name = "toml-spanner-macros"
version = "1.0.0"

[[package]]
name = "toml-test-harness"
version = "0.1.0"
dependencies = [
 "jsony",
 "toml-spanner",
]

[[package]]
name = "zmij"
version = "1.0.21"
source = "registry+https://github.com/rust-lang/crates.io-index"
checksum = "b8848ee67ecc8aedbaf3e4122217aff892639231befc6a1b58d29fff4c2cabaa"
